
Microsoft Visual Studio Solution File, Format Version 12.00
# Visual Studio Version 16
VisualStudioVersion = 16.0.30804.86
MinimumVisualStudioVersion = 10.0.40219.1
Project("{FAE04EC0-301F-11D3-BF4B-00C04F79EFBC}") = "EX1_EF_View", "EX1_EF_View.csproj", "{CC1EEC53-0AF6-4746-8AC8-216FA10F73CF}"
EndProject
Project("{FAE04EC0-301F-11D3-BF4B-00C04F79EFBC}") = "EX1_EF_DAL", "EX1_EF_DAL\EX1_EF_DAL.csproj", "{4AB30B54-8B72-4F5F-9F39-E89BCAE27557}"
EndProject
Global
	GlobalSection(SolutionConfigurationPlatforms) = preSolution
		Debug|Any CPU = Debug|Any CPU
		Release|Any CPU = Release|Any CPU
	EndGlobalSection
	GlobalSection(ProjectConfigurationPlatforms) = postSolution
		{CC1EEC53-0AF6-4746-8AC8-216FA10F73CF}.Debug|Any CPU.ActiveCfg = Debug|Any CPU
		{CC1EEC53-0AF6-4746-8AC8-216FA10F73CF}.Debug|Any CPU.Build.0 = Debug|Any CPU
		{CC1EEC53-0AF6-4746-8AC8-216FA10F73CF}.Release|Any CPU.ActiveCfg = Release|Any CPU
		{CC1EEC53-0AF6-4746-8AC8-216FA10F73CF}.Release|Any CPU.Build.0 = Release|Any CPU
		{4AB30B54-8B72-4F5F-9F39-E89BCAE27557}.Debug|Any CPU.ActiveCfg = Debug|Any CPU
		{4AB30B54-8B72-4F5F-9F39-E89BCAE27557}.Debug|Any CPU.Build.0 = Debug|Any CPU
		{4AB30B54-8B72-4F5F-9F39-E89BCAE27557}.Release|Any CPU.ActiveCfg = Release|Any CPU
		{4AB30B54-8B72-4F5F-9F39-E89BCAE27557}.Release|Any CPU.Build.0 = Release|Any CPU
	EndGlobalSection
	GlobalSection(SolutionProperties) = preSolution
		HideSolutionNode = FALSE
	EndGlobalSection
	GlobalSection(ExtensibilityGlobals) = postSolution
		SolutionGuid = {E95DA087-58B9-4B74-87E9-8122452C9A83}
	EndGlobalSection
EndGlobal
